
Microsoft Visual Studio Solution File, Format Version 12.00
# Visual Studio Version 17
VisualStudioVersion = 17.0.31912.275
MinimumVisualStudioVersion = 10.0.40219.1
Project("{2150E333-8FDC-42A3-9474-1A3956D46DE8}") = "Microservices", "Microservices", "{711CE080-64D8-4B9A-9C97-03C887F79364}"
EndProject
Project("{2150E333-8FDC-42A3-9474-1A3956D46DE8}") = "Domain", "Domain", "{056BECC4-6FED-4819-B929-740E8E5A3F0B}"
EndProject
Project("{2150E333-8FDC-42A3-9474-1A3956D46DE8}") = "Infra.Bus", "Infra.Bus", "{599EF0DD-820E-47CF-8653-5FE7C1D798FD}"
EndProject
Project("{2150E333-8FDC-42A3-9474-1A3956D46DE8}") = "Infra.IoC", "Infra.IoC", "{AB3A0F1C-B464-4767-8E0E-F46EA0469005}"
EndProject
Project("{2150E333-8FDC-42A3-9474-1A3956D46DE8}") = "Presentation", "Presentation", "{229F51C4-CB01-4F6A-9125-84AE641B0849}"
EndProject
Project("{9A19103F-16F7-4668-BE54-9A1E7A4F7556}") = "MicroRabbit.Domain.Core", "MicroRabbit.Domain.Core\MicroRabbit.Domain.Core.csproj", "{27FFCB8A-04FB-4CB4-BDEB-F42D032C4CA8}"
EndProject
Project("{9A19103F-16F7-4668-BE54-9A1E7A4F7556}") = "MicroRabbit.Infra.Bus", "MicroRabbit.Infra.Bus\MicroRabbit.Infra.Bus.csproj", "{AD003A0C-3ADC-442C-BADD-0573E49AFC99}"
EndProject
Project("{9A19103F-16F7-4668-BE54-9A1E7A4F7556}") = "MicroRabbit.Infra.IoC", "MicroRabbit.Infra.IoC\MicroRabbit.Infra.IoC.csproj", "{4C4304D2-4DF8-4557-ABE2-9602BD99D4F9}"
EndProject
Project("{2150E333-8FDC-42A3-9474-1A3956D46DE8}") = "Banking", "Banking", "{7EDCCD8B-D33D-468F-9607-FA37B824DF98}"
EndProject
Project("{2150E333-8FDC-42A3-9474-1A3956D46DE8}") = "Domain", "Domain", "{E31E17B4-73BF-4FBC-B649-33A67C4F592C}"
EndProject
Project("{2150E333-8FDC-42A3-9474-1A3956D46DE8}") = "Application", "Application", "{EAB06FF6-630E-4B88-AA81-C00528DEAEA8}"
EndProject
Project("{2150E333-8FDC-42A3-9474-1A3956D46DE8}") = "Data", "Data", "{BB926E1E-09BE-4A37-8375-2914C0E3309B}"
EndProject
Project("{2150E333-8FDC-42A3-9474-1A3956D46DE8}") = "Api", "Api", "{DE4C61D1-0E24-449A-AF1B-C206DA49A23B}"
EndProject
Project("{9A19103F-16F7-4668-BE54-9A1E7A4F7556}") = "MicroRabbit.Banking.Api", "MicroRabbit.Banking.Api\MicroRabbit.Banking.Api.csproj", "{104CE8A1-8745-411B-ACA5-0752AD083844}"
EndProject
Project("{9A19103F-16F7-4668-BE54-9A1E7A4F7556}") = "MicroRabbit.Banking.Application", "MicroRabbit.Banking.Application\MicroRabbit.Banking.Application.csproj", "{E2C29460-956A-41C2-B7F4-5DF021C94CF1}"
EndProject
Project("{9A19103F-16F7-4668-BE54-9A1E7A4F7556}") = "MicroRabbit.Banking.Data", "MicroRabbit.Banking.Data\MicroRabbit.Banking.Data.csproj", "{5B9EE80A-D340-4CAB-8F4D-3EA72B64224A}"
EndProject
Project("{9A19103F-16F7-4668-BE54-9A1E7A4F7556}") = "MicroRabbit.Banking.Domain", "MicroRabbit.Banking.Domain\MicroRabbit.Banking.Domain.csproj", "{8DDE4356-D89F-45D1-A424-E78CD2399F08}"
EndProject
Project("{2150E333-8FDC-42A3-9474-1A3956D46DE8}") = "Transfer", "Transfer", "{DE6D1246-DD88-43C5-9FB9-B73E532A0B05}"
EndProject
Project("{2150E333-8FDC-42A3-9474-1A3956D46DE8}") = "Api", "Api", "{80AF3040-6D2F-473C-AB9B-76006D8D1E41}"
EndProject
Project("{2150E333-8FDC-42A3-9474-1A3956D46DE8}") = "Application", "Application", "{EAFFC668-3100-4CA5-A38D-F6615F82D0CD}"
EndProject
Project("{2150E333-8FDC-42A3-9474-1A3956D46DE8}") = "Data", "Data", "{17B92DD2-2ED4-4E93-B704-70BAE1728E94}"
EndProject
Project("{2150E333-8FDC-42A3-9474-1A3956D46DE8}") = "Domain", "Domain", "{AC2FA6A8-AB51-4AD5-A649-7A8C046434F2}"
EndProject
Project("{9A19103F-16F7-4668-BE54-9A1E7A4F7556}") = "MicroRabbit.Transfer.Api", "MicroRabbit.Transfer.Api\MicroRabbit.Transfer.Api.csproj", "{3F9F114C-04D6-4B9E-9058-B7D219788AA1}"
EndProject
Project("{9A19103F-16F7-4668-BE54-9A1E7A4F7556}") = "MicroRabbit.Transfer.Application", "MicroRabbit.Transfer.Application\MicroRabbit.Transfer.Application.csproj", "{59A2F429-63C3-4E21-B248-55B41B89F380}"
EndProject
Project("{9A19103F-16F7-4668-BE54-9A1E7A4F7556}") = "MicroRabbit.Transfer.Data", "MicroRabbit.Transfer.Data\MicroRabbit.Transfer.Data.csproj", "{C3CB63C8-3413-4985-98FE-D032E0AE44B3}"
EndProject
Project("{9A19103F-16F7-4668-BE54-9A1E7A4F7556}") = "MicroService.Transfer.Domain", "MicroService.Transfer.Domain\MicroService.Transfer.Domain.csproj", "{3E117CA5-77AA-45C8-AF01-0BBD8EBD654E}"
EndProject
Project("{FAE04EC0-301F-11D3-BF4B-00C04F79EFBC}") = "MicroRabbit.MVC", "MicroRabbit.MVC\MicroRabbit.MVC.csproj", "{30E19A3F-EDF8-4DE0-893C-2C8C6642D874}"
EndProject
Global
	GlobalSection(SolutionConfigurationPlatforms) = preSolution
		Debug|Any CPU = Debug|Any CPU
		Release|Any CPU = Release|Any CPU
	EndGlobalSection
	GlobalSection(ProjectConfigurationPlatforms) = postSolution
		{27FFCB8A-04FB-4CB4-BDEB-F42D032C4CA8}.Debug|Any CPU.ActiveCfg = Debug|Any CPU
		{27FFCB8A-04FB-4CB4-BDEB-F42D032C4CA8}.Debug|Any CPU.Build.0 = Debug|Any CPU
		{27FFCB8A-04FB-4CB4-BDEB-F42D032C4CA8}.Release|Any CPU.ActiveCfg = Release|Any CPU
		{27FFCB8A-04FB-4CB4-BDEB-F42D032C4CA8}.Release|Any CPU.Build.0 = Release|Any CPU
		{AD003A0C-3ADC-442C-BADD-0573E49AFC99}.Debug|Any CPU.ActiveCfg = Debug|Any CPU
		{AD003A0C-3ADC-442C-BADD-0573E49AFC99}.Debug|Any CPU.Build.0 = Debug|Any CPU
		{AD003A0C-3ADC-442C-BADD-0573E49AFC99}.Release|Any CPU.ActiveCfg = Release|Any CPU
		{AD003A0C-3ADC-442C-BADD-0573E49AFC99}.Release|Any CPU.Build.0 = Release|Any CPU
		{4C4304D2-4DF8-4557-ABE2-9602BD99D4F9}.Debug|Any CPU.ActiveCfg = Debug|Any CPU
		{4C4304D2-4DF8-4557-ABE2-9602BD99D4F9}.Debug|Any CPU.Build.0 = Debug|Any CPU
		{4C4304D2-4DF8-4557-ABE2-9602BD99D4F9}.Release|Any CPU.ActiveCfg = Release|Any CPU
		{4C4304D2-4DF8-4557-ABE2-9602BD99D4F9}.Release|Any CPU.Build.0 = Release|Any CPU
		{104CE8A1-8745-411B-ACA5-0752AD083844}.Debug|Any CPU.ActiveCfg = Debug|Any CPU
		{104CE8A1-8745-411B-ACA5-0752AD083844}.Debug|Any CPU.Build.0 = Debug|Any CPU
		{104CE8A1-8745-411B-ACA5-0752AD083844}.Release|Any CPU.ActiveCfg = Release|Any CPU
		{104CE8A1-8745-411B-ACA5-0752AD083844}.Release|Any CPU.Build.0 = Release|Any CPU
		{E2C29460-956A-41C2-B7F4-5DF021C94CF1}.Debug|Any CPU.ActiveCfg = Debug|Any CPU
		{E2C29460-956A-41C2-B7F4-5DF021C94CF1}.Debug|Any CPU.Build.0 = Debug|Any CPU
		{E2C29460-956A-41C2-B7F4-5DF021C94CF1}.Release|Any CPU.ActiveCfg = Release|Any CPU
		{E2C29460-956A-41C2-B7F4-5DF021C94CF1}.Release|Any CPU.Build.0 = Release|Any CPU
		{5B9EE80A-D340-4CAB-8F4D-3EA72B64224A}.Debug|Any CPU.ActiveCfg = Debug|Any CPU
		{5B9EE80A-D340-4CAB-8F4D-3EA72B64224A}.Debug|Any CPU.Build.0 = Debug|Any CPU
		{5B9EE80A-D340-4CAB-8F4D-3EA72B64224A}.Release|Any CPU.ActiveCfg = Release|Any CPU
		{5B9EE80A-D340-4CAB-8F4D-3EA72B64224A}.Release|Any CPU.Build.0 = Release|Any CPU
		{8DDE4356-D89F-45D1-A424-E78CD2399F08}.Debug|Any CPU.ActiveCfg = Debug|Any CPU
		{8DDE4356-D89F-45D1-A424-E78CD2399F08}.Debug|Any CPU.Build.0 = Debug|Any CPU
		{8DDE4356-D89F-45D1-A424-E78CD2399F08}.Release|Any CPU.ActiveCfg = Release|Any CPU
		{8DDE4356-D89F-45D1-A424-E78CD2399F08}.Release|Any CPU.Build.0 = Release|Any CPU
		{3F9F114C-04D6-4B9E-9058-B7D219788AA1}.Debug|Any CPU.ActiveCfg = Debug|Any CPU
		{3F9F114C-04D6-4B9E-9058-B7D219788AA1}.Debug|Any CPU.Build.0 = Debug|Any CPU
		{3F9F114C-04D6-4B9E-9058-B7D219788AA1}.Release|Any CPU.ActiveCfg = Release|Any CPU
		{3F9F114C-04D6-4B9E-9058-B7D219788AA1}.Release|Any CPU.Build.0 = Release|Any CPU
		{59A2F429-63C3-4E21-B248-55B41B89F380}.Debug|Any CPU.ActiveCfg = Debug|Any CPU
		{59A2F429-63C3-4E21-B248-55B41B89F380}.Debug|Any CPU.Build.0 = Debug|Any CPU
		{59A2F429-63C3-4E21-B248-55B41B89F380}.Release|Any CPU.ActiveCfg = Release|Any CPU
		{59A2F429-63C3-4E21-B248-55B41B89F380}.Release|Any CPU.Build.0 = Release|Any CPU
		{C3CB63C8-3413-4985-98FE-D032E0AE44B3}.Debug|Any CPU.ActiveCfg = Debug|Any CPU
		{C3CB63C8-3413-4985-98FE-D032E0AE44B3}.Debug|Any CPU.Build.0 = Debug|Any CPU
		{C3CB63C8-3413-4985-98FE-D032E0AE44B3}.Release|Any CPU.ActiveCfg = Release|Any CPU
		{C3CB63C8-3413-4985-98FE-D032E0AE44B3}.Release|Any CPU.Build.0 = Release|Any CPU
		{3E117CA5-77AA-45C8-AF01-0BBD8EBD654E}.Debug|Any CPU.ActiveCfg = Debug|Any CPU
		{3E117CA5-77AA-45C8-AF01-0BBD8EBD654E}.Debug|Any CPU.Build.0 = Debug|Any CPU
		{3E117CA5-77AA-45C8-AF01-0BBD8EBD654E}.Release|Any CPU.ActiveCfg = Release|Any CPU
		{3E117CA5-77AA-45C8-AF01-0BBD8EBD654E}.Release|Any CPU.Build.0 = Release|Any CPU
		{30E19A3F-EDF8-4DE0-893C-2C8C6642D874}.Debug|Any CPU.ActiveCfg = Debug|Any CPU
		{30E19A3F-EDF8-4DE0-893C-2C8C6642D874}.Debug|Any CPU.Build.0 = Debug|Any CPU
		{30E19A3F-EDF8-4DE0-893C-2C8C6642D874}.Release|Any CPU.ActiveCfg = Release|Any CPU
		{30E19A3F-EDF8-4DE0-893C-2C8C6642D874}.Release|Any CPU.Build.0 = Release|Any CPU
	EndGlobalSection
	GlobalSection(SolutionProperties) = preSolution
		HideSolutionNode = FALSE
	EndGlobalSection
	GlobalSection(NestedProjects) = preSolution
		{27FFCB8A-04FB-4CB4-BDEB-F42D032C4CA8} = {056BECC4-6FED-4819-B929-740E8E5A3F0B}
		{AD003A0C-3ADC-442C-BADD-0573E49AFC99} = {599EF0DD-820E-47CF-8653-5FE7C1D798FD}
		{4C4304D2-4DF8-4557-ABE2-9602BD99D4F9} = {AB3A0F1C-B464-4767-8E0E-F46EA0469005}
		{7EDCCD8B-D33D-468F-9607-FA37B824DF98} = {711CE080-64D8-4B9A-9C97-03C887F79364}
		{E31E17B4-73BF-4FBC-B649-33A67C4F592C} = {7EDCCD8B-D33D-468F-9607-FA37B824DF98}
		{EAB06FF6-630E-4B88-AA81-C00528DEAEA8} = {7EDCCD8B-D33D-468F-9607-FA37B824DF98}
		{BB926E1E-09BE-4A37-8375-2914C0E3309B} = {7EDCCD8B-D33D-468F-9607-FA37B824DF98}
		{DE4C61D1-0E24-449A-AF1B-C206DA49A23B} = {7EDCCD8B-D33D-468F-9607-FA37B824DF98}
		{104CE8A1-8745-411B-ACA5-0752AD083844} = {DE4C61D1-0E24-449A-AF1B-C206DA49A23B}
		{E2C29460-956A-41C2-B7F4-5DF021C94CF1} = {EAB06FF6-630E-4B88-AA81-C00528DEAEA8}
		{5B9EE80A-D340-4CAB-8F4D-3EA72B64224A} = {BB926E1E-09BE-4A37-8375-2914C0E3309B}
		{8DDE4356-D89F-45D1-A424-E78CD2399F08} = {E31E17B4-73BF-4FBC-B649-33A67C4F592C}
		{DE6D1246-DD88-43C5-9FB9-B73E532A0B05} = {711CE080-64D8-4B9A-9C97-03C887F79364}
		{80AF3040-6D2F-473C-AB9B-76006D8D1E41} = {DE6D1246-DD88-43C5-9FB9-B73E532A0B05}
		{EAFFC668-3100-4CA5-A38D-F6615F82D0CD} = {DE6D1246-DD88-43C5-9FB9-B73E532A0B05}
		{17B92DD2-2ED4-4E93-B704-70BAE1728E94} = {DE6D1246-DD88-43C5-9FB9-B73E532A0B05}
		{AC2FA6A8-AB51-4AD5-A649-7A8C046434F2} = {DE6D1246-DD88-43C5-9FB9-B73E532A0B05}
		{3F9F114C-04D6-4B9E-9058-B7D219788AA1} = {80AF3040-6D2F-473C-AB9B-76006D8D1E41}
		{59A2F429-63C3-4E21-B248-55B41B89F380} = {EAFFC668-3100-4CA5-A38D-F6615F82D0CD}
		{C3CB63C8-3413-4985-98FE-D032E0AE44B3} = {17B92DD2-2ED4-4E93-B704-70BAE1728E94}
		{3E117CA5-77AA-45C8-AF01-0BBD8EBD654E} = {AC2FA6A8-AB51-4AD5-A649-7A8C046434F2}
		{30E19A3F-EDF8-4DE0-893C-2C8C6642D874} = {229F51C4-CB01-4F6A-9125-84AE641B0849}
	EndGlobalSection
	GlobalSection(ExtensibilityGlobals) = postSolution
		SolutionGuid = {9442BB4F-E70E-4236-AF31-711FE737D29C}
	EndGlobalSection
EndGlobal
